
Microsoft Visual Studio Solution File, Format Version 12.00
# Visual Studio Version 16
VisualStudioVersion = 16.0.29920.165
MinimumVisualStudioVersion = 10.0.40219.1
Project("{9A19103F-16F7-4668-BE54-9A1E7A4F7556}") = "Dkr", "DKR\Dkr.csproj", "{EDE84216-15ED-4CED-A267-123F340283F7}"
EndProject
Global
	GlobalSection(SolutionConfigurationPlatforms) = preSolution
		Debug|Any CPU = Debug|Any CPU
		Release|Any CPU = Release|Any CPU
	EndGlobalSection
	GlobalSection(ProjectConfigurationPlatforms) = postSolution
		{EDE84216-15ED-4CED-A267-123F340283F7}.Debug|Any CPU.ActiveCfg = Debug|Any CPU
		{EDE84216-15ED-4CED-A267-123F340283F7}.Debug|Any CPU.Build.0 = Debug|Any CPU
		{EDE84216-15ED-4CED-A267-123F340283F7}.Release|Any CPU.ActiveCfg = Release|Any CPU
		{EDE84216-15ED-4CED-A267-123F340283F7}.Release|Any CPU.Build.0 = Release|Any CPU
	EndGlobalSection
	GlobalSection(SolutionProperties) = preSolution
		HideSolutionNode = FALSE
	EndGlobalSection
	GlobalSection(ExtensibilityGlobals) = postSolution
		SolutionGuid = {757BCA83-2C4D-4EA7-9E13-B6301189E619}
	EndGlobalSection
EndGlobal
